# THIS IS AN AUTOGENERATED FILE. DO NOT EDIT THIS FILE DIRECTLY.
# yarn lockfile v1


node-crate@^2.0.6:
  version "2.0.6"
  resolved "http://registry.npm.taobao.org/node-crate/download/node-crate-2.0.6.tgz#3867a1009f5ba494d89276f97eaa3d32f516e66c"
  dependencies:
    type-of-is ">= 3.3.x"

"type-of-is@>= 3.3.x":
  version "3.5.1"
  resolved "http://registry.npm.taobao.org/type-of-is/download/type-of-is-3.5.1.tgz#eec2fc89b828dbf9900eb6416eee30f4fe0fcd31"
